
Microsoft Visual Studio Solution File, Format Version 12.00
# Visual Studio 15
VisualStudioVersion = 15.0.28010.2016
MinimumVisualStudioVersion = 10.0.40219.1
Project("{2150E333-8FDC-42A3-9474-1A3956D46DE8}") = "Database", "Database", "{92AC7C8E-BD12-46C1-B58B-AEDE9D65BC72}"
EndProject
Project("{00D1A9C2-B5F0-4AF3-8072-F6C62B433612}") = "Paylocity.Database", "Database\Paylocity.Database\Paylocity.Database.sqlproj", "{4944E627-2634-44B1-A07D-23B05852A3B0}"
EndProject
Project("{2150E333-8FDC-42A3-9474-1A3956D46DE8}") = "Api", "Api", "{7E72B3E1-BA66-4477-BDA2-63B1E83F0513}"
EndProject
Project("{2150E333-8FDC-42A3-9474-1A3956D46DE8}") = "Repository", "Repository", "{F2781E5B-3A48-43D4-A953-5A4687F8DC6F}"
EndProject
Project("{2150E333-8FDC-42A3-9474-1A3956D46DE8}") = "Domain", "Domain", "{A6C13842-E560-414D-B389-02C9C32F57D4}"
EndProject
Project("{2150E333-8FDC-42A3-9474-1A3956D46DE8}") = "Website", "Website", "{3FEE0A0F-16E7-419D-B788-17CF6416F031}"
EndProject
Project("{2150E333-8FDC-42A3-9474-1A3956D46DE8}") = "Test", "Test", "{F9376FF0-345A-472C-8863-8FD9B6AE4FF3}"
EndProject
Project("{2150E333-8FDC-42A3-9474-1A3956D46DE8}") = "Test", "Test", "{001133DC-A11C-4FCC-BB7C-645D48C4D0B2}"
EndProject
Project("{FAE04EC0-301F-11D3-BF4B-00C04F79EFBC}") = "Paylocity.Api.Domain", "Api\Domain\Paylocity.Api.Domain\Paylocity.Api.Domain.csproj", "{D10E5A14-5FF4-4160-80F1-F491A6C69512}"
EndProject
Project("{FAE04EC0-301F-11D3-BF4B-00C04F79EFBC}") = "Paylocity.Api.Domain.Interface", "Api\Domain\Paylocity.Api.Domain.Interface\Paylocity.Api.Domain.Interface.csproj", "{E1AA168E-9A2F-4A3D-98C6-96C571E9D577}"
EndProject
Project("{FAE04EC0-301F-11D3-BF4B-00C04F79EFBC}") = "Paylocity.Api.Domain.Model", "Api\Domain\Paylocity.Api.Domain.Model\Paylocity.Api.Domain.Model.csproj", "{10334B94-84AD-481C-B5C1-F9403DD01F69}"
EndProject
Project("{FAE04EC0-301F-11D3-BF4B-00C04F79EFBC}") = "Paylocity.Api.Repository", "Api\Repository\Paylocity.Api.Repository\Paylocity.Api.Repository.csproj", "{28A63D5C-7A61-488F-BAC4-D721EBE14FE1}"
EndProject
Project("{FAE04EC0-301F-11D3-BF4B-00C04F79EFBC}") = "Paylocity.Api.Repository.Interface", "Api\Repository\Paylocity.Api.Repository.Interface\Paylocity.Api.Repository.Interface.csproj", "{5DAF1B24-792B-4A97-9CD1-2E5BC202FE4F}"
EndProject
Project("{FAE04EC0-301F-11D3-BF4B-00C04F79EFBC}") = "Paylocity.Api.Repository.Model", "Api\Repository\Paylocity.Api.Repository.Model\Paylocity.Api.Repository.Model.csproj", "{133F6D14-5270-4A52-BA8F-7BB5DC33FFE0}"
EndProject
Project("{FAE04EC0-301F-11D3-BF4B-00C04F79EFBC}") = "Paylocity.Api.Website", "Api\Website\Paylocity.Api.Website\Paylocity.Api.Website.csproj", "{DD5971E8-086A-4648-9542-5394BAA9C723}"
EndProject
Project("{FAE04EC0-301F-11D3-BF4B-00C04F79EFBC}") = "Paylocity.Api.Repository.Test.Integration", "Api\Repository\Test\Paylocity.Api.Repository.Test.Integration\Paylocity.Api.Repository.Test.Integration.csproj", "{A92C82EC-0056-41B6-A055-BEED3C56894D}"
EndProject
Project("{FAE04EC0-301F-11D3-BF4B-00C04F79EFBC}") = "Paylocity.Api.Domain.Test.Unit", "Api\Domain\Test\Paylocity.Api.Domain.Test.Unit\Paylocity.Api.Domain.Test.Unit.csproj", "{EA0EA551-BA0A-4C44-A32A-FD3EBA768540}"
EndProject
Project("{2150E333-8FDC-42A3-9474-1A3956D46DE8}") = "Test", "Test", "{689C98F0-5394-4007-A444-63A5B30E3EF7}"
EndProject
Project("{FAE04EC0-301F-11D3-BF4B-00C04F79EFBC}") = "Paylocity.Api.Website.Test.Integration", "Api\Website\Test\Paylocity.Api.Website.Test.Integration\Paylocity.Api.Website.Test.Integration.csproj", "{7B6CC62A-323B-4AC5-9105-662CE1F0DC39}"
EndProject
Project("{2150E333-8FDC-42A3-9474-1A3956D46DE8}") = "Website", "Website", "{9AFD8F8C-5405-40DF-B148-996EC74685A7}"
EndProject
Global
	GlobalSection(SolutionConfigurationPlatforms) = preSolution
		Debug|Any CPU = Debug|Any CPU
		Release|Any CPU = Release|Any CPU
	EndGlobalSection
	GlobalSection(ProjectConfigurationPlatforms) = postSolution
		{4944E627-2634-44B1-A07D-23B05852A3B0}.Debug|Any CPU.ActiveCfg = Debug|Any CPU
		{4944E627-2634-44B1-A07D-23B05852A3B0}.Debug|Any CPU.Build.0 = Debug|Any CPU
		{4944E627-2634-44B1-A07D-23B05852A3B0}.Debug|Any CPU.Deploy.0 = Debug|Any CPU
		{4944E627-2634-44B1-A07D-23B05852A3B0}.Release|Any CPU.ActiveCfg = Release|Any CPU
		{4944E627-2634-44B1-A07D-23B05852A3B0}.Release|Any CPU.Build.0 = Release|Any CPU
		{4944E627-2634-44B1-A07D-23B05852A3B0}.Release|Any CPU.Deploy.0 = Release|Any CPU
		{D10E5A14-5FF4-4160-80F1-F491A6C69512}.Debug|Any CPU.ActiveCfg = Debug|Any CPU
		{D10E5A14-5FF4-4160-80F1-F491A6C69512}.Debug|Any CPU.Build.0 = Debug|Any CPU
		{D10E5A14-5FF4-4160-80F1-F491A6C69512}.Release|Any CPU.ActiveCfg = Release|Any CPU
		{D10E5A14-5FF4-4160-80F1-F491A6C69512}.Release|Any CPU.Build.0 = Release|Any CPU
		{E1AA168E-9A2F-4A3D-98C6-96C571E9D577}.Debug|Any CPU.ActiveCfg = Debug|Any CPU
		{E1AA168E-9A2F-4A3D-98C6-96C571E9D577}.Debug|Any CPU.Build.0 = Debug|Any CPU
		{E1AA168E-9A2F-4A3D-98C6-96C571E9D577}.Release|Any CPU.ActiveCfg = Release|Any CPU
		{E1AA168E-9A2F-4A3D-98C6-96C571E9D577}.Release|Any CPU.Build.0 = Release|Any CPU
		{10334B94-84AD-481C-B5C1-F9403DD01F69}.Debug|Any CPU.ActiveCfg = Debug|Any CPU
		{10334B94-84AD-481C-B5C1-F9403DD01F69}.Debug|Any CPU.Build.0 = Debug|Any CPU
		{10334B94-84AD-481C-B5C1-F9403DD01F69}.Release|Any CPU.ActiveCfg = Release|Any CPU
		{10334B94-84AD-481C-B5C1-F9403DD01F69}.Release|Any CPU.Build.0 = Release|Any CPU
		{28A63D5C-7A61-488F-BAC4-D721EBE14FE1}.Debug|Any CPU.ActiveCfg = Debug|Any CPU
		{28A63D5C-7A61-488F-BAC4-D721EBE14FE1}.Debug|Any CPU.Build.0 = Debug|Any CPU
		{28A63D5C-7A61-488F-BAC4-D721EBE14FE1}.Release|Any CPU.ActiveCfg = Release|Any CPU
		{28A63D5C-7A61-488F-BAC4-D721EBE14FE1}.Release|Any CPU.Build.0 = Release|Any CPU
		{5DAF1B24-792B-4A97-9CD1-2E5BC202FE4F}.Debug|Any CPU.ActiveCfg = Debug|Any CPU
		{5DAF1B24-792B-4A97-9CD1-2E5BC202FE4F}.Debug|Any CPU.Build.0 = Debug|Any CPU
		{5DAF1B24-792B-4A97-9CD1-2E5BC202FE4F}.Release|Any CPU.ActiveCfg = Release|Any CPU
		{5DAF1B24-792B-4A97-9CD1-2E5BC202FE4F}.Release|Any CPU.Build.0 = Release|Any CPU
		{133F6D14-5270-4A52-BA8F-7BB5DC33FFE0}.Debug|Any CPU.ActiveCfg = Debug|Any CPU
		{133F6D14-5270-4A52-BA8F-7BB5DC33FFE0}.Debug|Any CPU.Build.0 = Debug|Any CPU
		{133F6D14-5270-4A52-BA8F-7BB5DC33FFE0}.Release|Any CPU.ActiveCfg = Release|Any CPU
		{133F6D14-5270-4A52-BA8F-7BB5DC33FFE0}.Release|Any CPU.Build.0 = Release|Any CPU
		{DD5971E8-086A-4648-9542-5394BAA9C723}.Debug|Any CPU.ActiveCfg = Debug|Any CPU
		{DD5971E8-086A-4648-9542-5394BAA9C723}.Debug|Any CPU.Build.0 = Debug|Any CPU
		{DD5971E8-086A-4648-9542-5394BAA9C723}.Release|Any CPU.ActiveCfg = Release|Any CPU
		{DD5971E8-086A-4648-9542-5394BAA9C723}.Release|Any CPU.Build.0 = Release|Any CPU
		{A92C82EC-0056-41B6-A055-BEED3C56894D}.Debug|Any CPU.ActiveCfg = Debug|Any CPU
		{A92C82EC-0056-41B6-A055-BEED3C56894D}.Debug|Any CPU.Build.0 = Debug|Any CPU
		{A92C82EC-0056-41B6-A055-BEED3C56894D}.Release|Any CPU.ActiveCfg = Release|Any CPU
		{A92C82EC-0056-41B6-A055-BEED3C56894D}.Release|Any CPU.Build.0 = Release|Any CPU
		{EA0EA551-BA0A-4C44-A32A-FD3EBA768540}.Debug|Any CPU.ActiveCfg = Debug|Any CPU
		{EA0EA551-BA0A-4C44-A32A-FD3EBA768540}.Debug|Any CPU.Build.0 = Debug|Any CPU
		{EA0EA551-BA0A-4C44-A32A-FD3EBA768540}.Release|Any CPU.ActiveCfg = Release|Any CPU
		{EA0EA551-BA0A-4C44-A32A-FD3EBA768540}.Release|Any CPU.Build.0 = Release|Any CPU
		{7B6CC62A-323B-4AC5-9105-662CE1F0DC39}.Debug|Any CPU.ActiveCfg = Debug|Any CPU
		{7B6CC62A-323B-4AC5-9105-662CE1F0DC39}.Debug|Any CPU.Build.0 = Debug|Any CPU
		{7B6CC62A-323B-4AC5-9105-662CE1F0DC39}.Release|Any CPU.ActiveCfg = Release|Any CPU
		{7B6CC62A-323B-4AC5-9105-662CE1F0DC39}.Release|Any CPU.Build.0 = Release|Any CPU
	EndGlobalSection
	GlobalSection(SolutionProperties) = preSolution
		HideSolutionNode = FALSE
	EndGlobalSection
	GlobalSection(NestedProjects) = preSolution
		{4944E627-2634-44B1-A07D-23B05852A3B0} = {92AC7C8E-BD12-46C1-B58B-AEDE9D65BC72}
		{F2781E5B-3A48-43D4-A953-5A4687F8DC6F} = {7E72B3E1-BA66-4477-BDA2-63B1E83F0513}
		{A6C13842-E560-414D-B389-02C9C32F57D4} = {7E72B3E1-BA66-4477-BDA2-63B1E83F0513}
		{3FEE0A0F-16E7-419D-B788-17CF6416F031} = {7E72B3E1-BA66-4477-BDA2-63B1E83F0513}
		{F9376FF0-345A-472C-8863-8FD9B6AE4FF3} = {F2781E5B-3A48-43D4-A953-5A4687F8DC6F}
		{001133DC-A11C-4FCC-BB7C-645D48C4D0B2} = {A6C13842-E560-414D-B389-02C9C32F57D4}
		{D10E5A14-5FF4-4160-80F1-F491A6C69512} = {A6C13842-E560-414D-B389-02C9C32F57D4}
		{E1AA168E-9A2F-4A3D-98C6-96C571E9D577} = {A6C13842-E560-414D-B389-02C9C32F57D4}
		{10334B94-84AD-481C-B5C1-F9403DD01F69} = {A6C13842-E560-414D-B389-02C9C32F57D4}
		{28A63D5C-7A61-488F-BAC4-D721EBE14FE1} = {F2781E5B-3A48-43D4-A953-5A4687F8DC6F}
		{5DAF1B24-792B-4A97-9CD1-2E5BC202FE4F} = {F2781E5B-3A48-43D4-A953-5A4687F8DC6F}
		{133F6D14-5270-4A52-BA8F-7BB5DC33FFE0} = {F2781E5B-3A48-43D4-A953-5A4687F8DC6F}
		{DD5971E8-086A-4648-9542-5394BAA9C723} = {3FEE0A0F-16E7-419D-B788-17CF6416F031}
		{A92C82EC-0056-41B6-A055-BEED3C56894D} = {F9376FF0-345A-472C-8863-8FD9B6AE4FF3}
		{EA0EA551-BA0A-4C44-A32A-FD3EBA768540} = {001133DC-A11C-4FCC-BB7C-645D48C4D0B2}
		{689C98F0-5394-4007-A444-63A5B30E3EF7} = {3FEE0A0F-16E7-419D-B788-17CF6416F031}
		{7B6CC62A-323B-4AC5-9105-662CE1F0DC39} = {689C98F0-5394-4007-A444-63A5B30E3EF7}
	EndGlobalSection
	GlobalSection(ExtensibilityGlobals) = postSolution
		SolutionGuid = {C50346B0-C9C0-45ED-A853-02AA37584E2A}
	EndGlobalSection
EndGlobal
